{
  "nodes": {
    "nixpkgs": {
      "locked": {
        "lastModified": 1765910470,
        "narHash": "sha256-Gak8JX/AB1kCDKYEn9Yzm2vGsjFnTsswClXZnz6FQ/A=",
        "owner": "nixos",
        "repo": "nixpkgs",
        "rev": "b34267788cf422d32f81148186cbdb5d86a51861",
        "type": "github"
      },
      "original": {
        "owner": "nixos",
        "repo": "nixpkgs",
        "type": "github"
      }
    },
    "root": {
      "inputs": {
        "nixpkgs": "nixpkgs"
      }
    }
  },
  "root": "root",
  "version": 7
}
