{
  "nodes": {
    "nixpkgs": {
      "locked": {
        "lastModified": 1759680666,
        "narHash": "sha256-EcZymrFbZPobJ9+dTyn/ni1HNXvdVfYobpe+CYJEB6I=",
        "owner": "nixos",
        "repo": "nixpkgs",
        "rev": "9bea8d594d489c2909e7f00bb5aef9e9c31dd241",
        "type": "github"
      },
      "original": {
        "owner": "nixos",
        "repo": "nixpkgs",
        "type": "github"
      }
    },
    "root": {
      "inputs": {
        "nixpkgs": "nixpkgs"
      }
    }
  },
  "root": "root",
  "version": 7
}
