{
  "nodes": {
    "nixpkgs": {
      "locked": {
        "lastModified": 1750732032,
        "narHash": "sha256-bebZciKkLr0+sVBvqUWyJRReytexggGVdco1cL6egSw=",
        "owner": "nixos",
        "repo": "nixpkgs",
        "rev": "ce604db02de693924f5ea8f6bce662a98023153f",
        "type": "github"
      },
      "original": {
        "owner": "nixos",
        "repo": "nixpkgs",
        "type": "github"
      }
    },
    "root": {
      "inputs": {
        "nixpkgs": "nixpkgs"
      }
    }
  },
  "root": "root",
  "version": 7
}
